{
  "name": "jsdefn",
  "version": "1.0.0",
  "lockfileVersion": 2,
  "requires": true,
  "packages": {
    "": {
      "name": "jsdefn",
      "version": "1.0.0",
      "license": "MIT",
      "dependencies": {
        "jsdefn": "^1.0.0"
      }
    },
    "node_modules/jsdefn": {
      "version": "1.0.0",
      "resolved": "https://registry.npmjs.org/jsdefn/-/jsdefn-1.0.0.tgz",
      "integrity": "sha512-LLVjqWFm/Ovu+ogQo6KSeaAS5UnKzg0qqH6UmOkruRfZc3JraQMCCGjR8RL2FewLQ+o5KBJ4rWN8MC00LnNSfw=="
    }
  },
  "dependencies": {
    "jsdefn": {
      "version": "1.0.0",
      "resolved": "https://registry.npmjs.org/jsdefn/-/jsdefn-1.0.0.tgz",
      "integrity": "sha512-LLVjqWFm/Ovu+ogQo6KSeaAS5UnKzg0qqH6UmOkruRfZc3JraQMCCGjR8RL2FewLQ+o5KBJ4rWN8MC00LnNSfw=="
    }
  }
}
